github.com/chef/chef-docs-theme v0.0.0-20250910183723-d7eeb21fa4e6 h1:xVfUSt79EKoPAlXC6hpHQQABnOk9qcLzahGHCKovd/U=
github.com/chef/chef-docs-theme v0.0.0-20250910183723-d7eeb21fa4e6/go.mod h1:+Jpnv+LXE6dXu2xDcMzMc0RxRGuCPAoFxq5tJ/X6QpQ=
github.com/inspec/inspec-alicloud/docs-chef-io v0.0.0-20250911191231-ebeaa9f23937 h1:AkWorCrN3KQ9TPuhJDAkjT3BSsYmc0APoUAsa8x2Ktg=
github.com/inspec/inspec-alicloud/docs-chef-io v0.0.0-20250911191231-ebeaa9f23937/go.mod h1:tAazDDBtR5yCl/FNWHnrmkxpfxnOo9B99DyfRE7JH1c=
github.com/inspec/inspec-aws/docs-chef-io v0.0.0-20250912190752-0aa1f52acb33 h1:Z3nCKMAfCYSHB22nRXMMh1GPiU8euNKT3rH7jOglXik=
github.com/inspec/inspec-aws/docs-chef-io v0.0.0-20250912190752-0aa1f52acb33/go.mod h1:5rfIsi1/SqSiAXqU94UOcfMnebnuaEmFriU8k8t1Kes=
github.com/inspec/inspec-azure/docs-chef-io v0.0.0-20250912213150-214870470f20 h1:kC0gO/wegpsTlrpPpVO+6aRu9+n9/uS+AbHBkrm9UBY=
github.com/inspec/inspec-azure/docs-chef-io v0.0.0-20250912213150-214870470f20/go.mod h1:93+uw8FTBAWybBZIn45FzO5vnZDBh51lgMwMP1vvIqo=
github.com/inspec/inspec-docker-resources/docs-chef-io v0.0.0-20250916163154-00f68530f2fe h1:q+6/ew2uKVcCDRZQypESj/96ebFngKkRgZWWTdQEQgo=
github.com/inspec/inspec-docker-resources/docs-chef-io v0.0.0-20250916163154-00f68530f2fe/go.mod h1:3fzIdivw/hG5uMTaSjX7wy/awPB9UZwOnqu8CWP7yWc=
github.com/inspec/inspec-gcp/docs-chef-io v0.0.0-20250911201923-c81ab6235fe3 h1:4x09Mg56Zlw04te46gD54HgEv8a8UiZLLhMyo4CFn+8=
github.com/inspec/inspec-gcp/docs-chef-io v0.0.0-20250911201923-c81ab6235fe3/go.mod h1:3Ad4LlqDpvhXXkDJ5THGP4Nk2lTvOerNN2PBujr6KRA=
github.com/inspec/inspec-habitat/docs-chef-io v0.0.0-20250916164355-e5e082fedbcf h1:6RqJNP32Oqqj4r0xdsselMmO0NlW5lJuZMDkvr2BQbw=
github.com/inspec/inspec-habitat/docs-chef-io v0.0.0-20250916164355-e5e082fedbcf/go.mod h1:Q4E7QBY4b7HDE2psfGT9jqvnLq1yfg5e9KWK4VTtI/M=
github.com/inspec/inspec-k8s/docs-chef-io v0.0.0-20250915194046-f000468b121d h1:Wldd69ZD+T0fUxniexRVpWmcsPg8CdVXQkBTrEXC38w=
github.com/inspec/inspec-k8s/docs-chef-io v0.0.0-20250915194046-f000468b121d/go.mod h1:JwjkNHKgELWxc9esXuK3ELEGL371pK496OKrK+te3Lk=
