github.com/chef/chef-docs-theme v0.0.0-20250910183723-d7eeb21fa4e6 h1:xVfUSt79EKoPAlXC6hpHQQABnOk9qcLzahGHCKovd/U=
github.com/chef/chef-docs-theme v0.0.0-20250910183723-d7eeb21fa4e6/go.mod h1:+Jpnv+LXE6dXu2xDcMzMc0RxRGuCPAoFxq5tJ/X6QpQ=
github.com/inspec/inspec-alicloud/docs-chef-io v0.0.0-20250911191231-ebeaa9f23937 h1:AkWorCrN3KQ9TPuhJDAkjT3BSsYmc0APoUAsa8x2Ktg=
github.com/inspec/inspec-alicloud/docs-chef-io v0.0.0-20250911191231-ebeaa9f23937/go.mod h1:tAazDDBtR5yCl/FNWHnrmkxpfxnOo9B99DyfRE7JH1c=
github.com/inspec/inspec-aws/docs-chef-io v0.0.0-20250912190752-0aa1f52acb33 h1:Z3nCKMAfCYSHB22nRXMMh1GPiU8euNKT3rH7jOglXik=
github.com/inspec/inspec-aws/docs-chef-io v0.0.0-20250912190752-0aa1f52acb33/go.mod h1:5rfIsi1/SqSiAXqU94UOcfMnebnuaEmFriU8k8t1Kes=
github.com/inspec/inspec-azure/docs-chef-io v0.0.0-20250912213150-214870470f20 h1:kC0gO/wegpsTlrpPpVO+6aRu9+n9/uS+AbHBkrm9UBY=
github.com/inspec/inspec-azure/docs-chef-io v0.0.0-20250912213150-214870470f20/go.mod h1:93+uw8FTBAWybBZIn45FzO5vnZDBh51lgMwMP1vvIqo=
github.com/inspec/inspec-docker-resources/docs-chef-io v0.0.0-20250916163154-00f68530f2fe h1:q+6/ew2uKVcCDRZQypESj/96ebFngKkRgZWWTdQEQgo=
github.com/inspec/inspec-docker-resources/docs-chef-io v0.0.0-20250916163154-00f68530f2fe/go.mod h1:3fzIdivw/hG5uMTaSjX7wy/awPB9UZwOnqu8CWP7yWc=
github.com/inspec/inspec-elasticsearch-resources/docs-chef-io v0.0.0-20250916165122-f444af6bce12 h1:LzWarSTTlgS5Aa1C3dXFoaoWJ/GHhMTx0JXQyYTCrE8=
github.com/inspec/inspec-elasticsearch-resources/docs-chef-io v0.0.0-20250916165122-f444af6bce12/go.mod h1:/lARzfhh3ayUdfLhOQ69n8FzYNlNY7MN+D5ZZvM3g6M=
github.com/inspec/inspec-gcp/docs-chef-io v0.0.0-20250911201923-c81ab6235fe3 h1:4x09Mg56Zlw04te46gD54HgEv8a8UiZLLhMyo4CFn+8=
github.com/inspec/inspec-gcp/docs-chef-io v0.0.0-20250911201923-c81ab6235fe3/go.mod h1:3Ad4LlqDpvhXXkDJ5THGP4Nk2lTvOerNN2PBujr6KRA=
github.com/inspec/inspec-habitat/docs-chef-io v0.0.0-20250916192558-02d43679439c h1:H0pLT1VOhNhk9H7qK0HfHK7jJ0fwySg7k84mjGDTXb8=
github.com/inspec/inspec-habitat/docs-chef-io v0.0.0-20250916192558-02d43679439c/go.mod h1:Q4E7QBY4b7HDE2psfGT9jqvnLq1yfg5e9KWK4VTtI/M=
github.com/inspec/inspec-k8s/docs-chef-io v0.0.0-20250916191115-2364b56676e3 h1:SKXFGe1W5TZUQxCVYullJwGMccBYeG6q+Uz7ZCcD3DY=
github.com/inspec/inspec-k8s/docs-chef-io v0.0.0-20250916191115-2364b56676e3/go.mod h1:JwjkNHKgELWxc9esXuK3ELEGL371pK496OKrK+te3Lk=
github.com/inspec/inspec-mongodb-resources/docs-chef-io v0.0.0-20250916171923-0350a4010119 h1:R97KwsAZ5U0GRqrOVspQG0rPAzm3+CxDkrJ19b7hwf8=
github.com/inspec/inspec-mongodb-resources/docs-chef-io v0.0.0-20250916171923-0350a4010119/go.mod h1:LAo5xmGnmk6pjRvhkotI1OGUccYAGPE1qSpUSC5BZRQ=
github.com/inspec/inspec-podman-resources/docs-chef-io v0.0.0-20250916182215-3e30d0a84f87 h1:+1xipLX4FnVyfDMCCoK6PF5n1CQGqeyjyaUJh76a5iU=
github.com/inspec/inspec-podman-resources/docs-chef-io v0.0.0-20250916182215-3e30d0a84f87/go.mod h1:/YeopCfRICJZWXcL2skXRlVxdEp7Uql/sIR5daMouBU=
github.com/inspec/inspec-rabbitmq-resources/docs-chef-io v0.0.0-20250916175312-e2c5b47479e0 h1:lB/kEv8G8axj8/Mjzm5bbgVSxdk6UgCTWxpgHhOIBiM=
github.com/inspec/inspec-rabbitmq-resources/docs-chef-io v0.0.0-20250916175312-e2c5b47479e0/go.mod h1:TTh+Le+xtHkaVwmLCNoBOE2O7+jEmS4imzyXFL0gI1Y=
